PODS:
  - Capacitor (4.7.3):
    - CapacitorCordova
  - CapacitorBrowser (4.1.1):
    - Capacitor
  - CapacitorCamera (4.1.4):
    - Capacitor
  - CapacitorCordova (4.7.3)
  - CapacitorDevice (4.1.0):
    - Capacitor
  - CapacitorGeolocation (4.1.0):
    - Capacitor
  - CapacitorGoogleMaps (4.5.0):
    - Capacitor
    - Google-Maps-iOS-Utils (~> 4.1.0)
    - GoogleMaps (~> 6.0.0)
  - CapacitorHaptics (4.1.0):
    - Capacitor
  - CapacitorKeyboard (4.1.1):
    - Capacitor
  - CapacitorShare (4.1.1):
    - Capacitor
  - CapacitorSplashScreen (4.2.0):
    - Capacitor
  - CapacitorStatusBar (4.1.1):
    - Capacitor
  - CordovaPlugins (5.0.0-beta.1):
    - CapacitorCordova
  - Google-Maps-iOS-Utils (4.1.0):
    - Google-Maps-iOS-Utils/Clustering (= 4.1.0)
    - Google-Maps-iOS-Utils/Geometry (= 4.1.0)
    - Google-Maps-iOS-Utils/GeometryUtils (= 4.1.0)
    - Google-Maps-iOS-Utils/Heatmap (= 4.1.0)
    - Google-Maps-iOS-Utils/QuadTree (= 4.1.0)
    - GoogleMaps
  - Google-Maps-iOS-Utils/Clustering (4.1.0):
    - Google-Maps-iOS-Utils/QuadTree
    - GoogleMaps
  - Google-Maps-iOS-Utils/Geometry (4.1.0):
    - GoogleMaps
  - Google-Maps-iOS-Utils/GeometryUtils (4.1.0):
    - GoogleMaps
  - Google-Maps-iOS-Utils/Heatmap (4.1.0):
    - Google-Maps-iOS-Utils/QuadTree
    - GoogleMaps
  - Google-Maps-iOS-Utils/QuadTree (4.1.0):
    - GoogleMaps
  - GoogleMaps (6.0.1):
    - GoogleMaps/Maps (= 6.0.1)
  - GoogleMaps/Base (6.0.1)
  - GoogleMaps/Maps (6.0.1):
    - GoogleMaps/Base

DEPENDENCIES:
  - "Capacitor (from `../../node_modules/@capacitor/ios`)"
  - "CapacitorBrowser (from `../../node_modules/@capacitor/browser`)"
  - "CapacitorCamera (from `../../node_modules/@capacitor/camera`)"
  - "CapacitorCordova (from `../../node_modules/@capacitor/ios`)"
  - "CapacitorDevice (from `../../node_modules/@capacitor/device`)"
  - "CapacitorGeolocation (from `../../node_modules/@capacitor/geolocation`)"
  - "CapacitorGoogleMaps (from `../../node_modules/@capacitor/google-maps`)"
  - "CapacitorHaptics (from `../../node_modules/@capacitor/haptics`)"
  - "CapacitorKeyboard (from `../../node_modules/@capacitor/keyboard`)"
  - "CapacitorShare (from `../../node_modules/@capacitor/share`)"
  - "CapacitorSplashScreen (from `../../node_modules/@capacitor/splash-screen`)"
  - "CapacitorStatusBar (from `../../node_modules/@capacitor/status-bar`)"
  - CordovaPlugins (from `../capacitor-cordova-ios-plugins`)

SPEC REPOS:
  trunk:
    - Google-Maps-iOS-Utils
    - GoogleMaps

EXTERNAL SOURCES:
  Capacitor:
    :path: "../../node_modules/@capacitor/ios"
  CapacitorBrowser:
    :path: "../../node_modules/@capacitor/browser"
  CapacitorCamera:
    :path: "../../node_modules/@capacitor/camera"
  CapacitorCordova:
    :path: "../../node_modules/@capacitor/ios"
  CapacitorDevice:
    :path: "../../node_modules/@capacitor/device"
  CapacitorGeolocation:
    :path: "../../node_modules/@capacitor/geolocation"
  CapacitorGoogleMaps:
    :path: "../../node_modules/@capacitor/google-maps"
  CapacitorHaptics:
    :path: "../../node_modules/@capacitor/haptics"
  CapacitorKeyboard:
    :path: "../../node_modules/@capacitor/keyboard"
  CapacitorShare:
    :path: "../../node_modules/@capacitor/share"
  CapacitorSplashScreen:
    :path: "../../node_modules/@capacitor/splash-screen"
  CapacitorStatusBar:
    :path: "../../node_modules/@capacitor/status-bar"
  CordovaPlugins:
    :path: "../capacitor-cordova-ios-plugins"

SPEC CHECKSUMS:
  Capacitor: 736ef58c1aff08d3142fe3be9c7d928e47ee461d
  CapacitorBrowser: b7d161fb82d591294cb81fcb12f950ae73470035
  CapacitorCamera: 8e1f9eac46c6a0b7df5619d20f021d852ccaa99a
  CapacitorCordova: e8ed29bd616c9f5a81498d47c0b84179b9c6a5a6
  CapacitorDevice: 63e8ef8837176b8caf67dc0717b8b1123754a955
  CapacitorGeolocation: e792888b4eca5cf31ed984491b645d42666278cb
  CapacitorGoogleMaps: fa503662dc0553e160fbff765bdfc93947e86c7e
  CapacitorHaptics: 213b3a1f3efd6dbf6e6b76a1b2bb0399cf43b213
  CapacitorKeyboard: 16121a97b56c8609ec518ebcdc64d6386c84e5c8
  CapacitorShare: 964682279c7ba28ac13c435de29e705a2ce8f487
  CapacitorSplashScreen: 6b1c832e6f822ad1ef05073dc31dfeca02bc03a3
  CapacitorStatusBar: 65933e554bb5d65b361deaa936a93616086a2608
  CordovaPlugins: ff5da3e32c51747f122f876c5e7a81732ac09d61
  Google-Maps-iOS-Utils: 3343332b18dfd5be8f1f44edd7d481ace3da4d9a
  GoogleMaps: c213fc2334b7374144cede914da779b99be0ab74

PODFILE CHECKSUM: 40b68e7986f517c5547b29cce30b4520f502de90

COCOAPODS: 1.12.1
